// !$*UTF8*$!
{
	archiveVersion = 1;
	classes = {
	};
	objectVersion = 55;
	objects = {

/* Begin PBXBuildFile section */
		F78D5FF3289EF14900981EDC /* AppDelegate.swift in Sources */ = {isa = PBXBuildFile; fileRef = F78D5FF2289EF14900981EDC /* AppDelegate.swift */; };
		F78D5FF5289EF14900981EDC /* SceneDelegate.swift in Sources */ = {isa = PBXBuildFile; fileRef = F78D5FF4289EF14900981EDC /* SceneDelegate.swift */; };
		F78D5FF7289EF14900981EDC /* ViewController.swift in Sources */ = {isa = PBXBuildFile; fileRef = F78D5FF6289EF14900981EDC /* ViewController.swift */; };
		F78D5FFA289EF14900981EDC /* Main.storyboard in Resources */ = {isa = PBXBuildFile; fileRef = F78D5FF8289EF14900981EDC /* Main.storyboard */; };
		F78D5FFC289EF14B00981EDC /* Assets.xcassets in Resources */ = {isa = PBXBuildFile; fileRef = F78D5FFB289EF14B00981EDC /* Assets.xcassets */; };
		F78D5FFF289EF14B00981EDC /* LaunchScreen.storyboard in Resources */ = {isa = PBXBuildFile; fileRef = F78D5FFD289EF14B00981EDC /* LaunchScreen.storyboard */; };
		F78D6007289EF34C00981EDC /* gasolina_alcool.png in Resources */ = {isa = PBXBuildFile; fileRef = F78D6006289EF34C00981EDC /* gasolina_alcool.png */; };
/* End PBXBuildFile section */

/* Begin PBXFileReference section */
		F78D5FEF289EF14900981EDC /* GasolinaAlcool.app */ = {isa = PBXFileReference; explicitFileType = wrapper.application; includeInIndex = 0; path = GasolinaAlcool.app; sourceTree = BUILT_PRODUCTS_DIR; };
		F78D5FF2289EF14900981EDC /* AppDelegate.swift */ = {isa = PBXFileReference; lastKnownFileType = sourcecode.swift; path = AppDelegate.swift; sourceTree = "<group>"; };
		F78D5FF4289EF14900981EDC /* SceneDelegate.swift */ = {isa = PBXFileReference; lastKnownFileType = sourcecode.swift; path = SceneDelegate.swift; sourceTree = "<group>"; };
		F78D5FF6289EF14900981EDC /* ViewController.swift */ = {isa = PBXFileReference; lastKnownFileType = sourcecode.swift; path = ViewController.swift; sourceTree = "<group>"; };
		F78D5FF9289EF14900981EDC /* Base */ = {isa = PBXFileReference; lastKnownFileType = file.storyboard; name = Base; path = Base.lproj/Main.storyboard; sourceTree = "<group>"; };
		F78D5FFB289EF14B00981EDC /* Assets.xcassets */ = {isa = PBXFileReference; lastKnownFileType = folder.assetcatalog; path = Assets.xcassets; sourceTree = "<group>"; };
		F78D5FFE289EF14B00981EDC /* Base */ = {isa = PBXFileReference; lastKnownFileType = file.storyboard; name = Base; path = Base.lproj/LaunchScreen.storyboard; sourceTree = "<group>"; };
		F78D6000289EF14B00981EDC /* Info.plist */ = {isa = PBXFileReference; lastKnownFileType = text.plist.xml; path = Info.plist; sourceTree = "<group>"; };
		F78D6006289EF34C00981EDC /* gasolina_alcool.png */ = {isa = PBXFileReference; lastKnownFileType = image.png; path = gasolina_alcool.png; sourceTree = "<group>"; };
/* End PBXFileReference section */

/* Begin PBXFrameworksBuildPhase section */
		F78D5FEC289EF14900981EDC /* Frameworks */ = {
			isa = PBXFrameworksBuildPhase;
			buildActionMask = 2147483647;
			files = (
			);
			runOnlyForDeploymentPostprocessing = 0;
		};
/* End PBXFrameworksBuildPhase section */

/* Begin PBXGroup section */
		F78D5FE6289EF14900981EDC = {
			isa = PBXGroup;
			children = (
				F78D5FF1289EF14900981EDC /* GasolinaAlcool */,
				F78D5FF0289EF14900981EDC /* Products */,
			);
			sourceTree = "<group>";
		};
		F78D5FF0289EF14900981EDC /* Products */ = {
			isa = PBXGroup;
			children = (
				F78D5FEF289EF14900981EDC /* GasolinaAlcool.app */,
			);
			name = Products;
			sourceTree = "<group>";
		};
		F78D5FF1289EF14900981EDC /* GasolinaAlcool */ = {
			isa = PBXGroup;
			children = (
				F78D6006289EF34C00981EDC /* gasolina_alcool.png */,
				F78D5FF2289EF14900981EDC /* AppDelegate.swift */,
				F78D5FF4289EF14900981EDC /* SceneDelegate.swift */,
				F78D5FF6289EF14900981EDC /* ViewController.swift */,
				F78D5FF8289EF14900981EDC /* Main.storyboard */,
				F78D5FFB289EF14B00981EDC /* Assets.xcassets */,
				F78D5FFD289EF14B00981EDC /* LaunchScreen.storyboard */,
				F78D6000289EF14B00981EDC /* Info.plist */,
			);
			path = GasolinaAlcool;
			sourceTree = "<group>";
		};
/* End PBXGroup section */

/* Begin PBXNativeTarget section */
		F78D5FEE289EF14900981EDC /* GasolinaAlcool */ = {
			isa = PBXNativeTarget;
			buildConfigurationList = F78D6003289EF14B00981EDC /* Build configuration list for PBXNativeTarget "GasolinaAlcool" */;
			buildPhases = (
				F78D5FEB289EF14900981EDC /* Sources */,
				F78D5FEC289EF14900981EDC /* Frameworks */,
				F78D5FED289EF14900981EDC /* Resources */,
			);
			buildRules = (
			);
			dependencies = (
			);
			name = GasolinaAlcool;
			productName = GasolinaAlcool;
			productReference = F78D5FEF289EF14900981EDC /* GasolinaAlcool.app */;
			productType = "com.apple.product-type.application";
		};
/* End PBXNativeTarget section */

/* Begin PBXProject section */
		F78D5FE7289EF14900981EDC /* Project object */ = {
			isa = PBXProject;
			attributes = {
				BuildIndependentTargetsInParallel = 1;
				LastSwiftUpdateCheck = 1340;
				LastUpgradeCheck = 1340;
				TargetAttributes = {
					F78D5FEE289EF14900981EDC = {
						CreatedOnToolsVersion = 13.4.1;
					};
				};
			};
			buildConfigurationList = F78D5FEA289EF14900981EDC /* Build configuration list for PBXProject "GasolinaAlcool" */;
			compatibilityVersion = "Xcode 13.0";
			developmentRegion = en;
			hasScannedForEncodings = 0;
			knownRegions = (
				en,
				Base,
			);
			mainGroup = F78D5FE6289EF14900981EDC;
			productRefGroup = F78D5FF0289EF14900981EDC /* Products */;
			projectDirPath = "";
			projectRoot = "";
			targets = (
				F78D5FEE289EF14900981EDC /* GasolinaAlcool */,
			);
		};
/* End PBXProject section */

/* Begin PBXResourcesBuildPhase section */
		F78D5FED289EF14900981EDC /* Resources */ = {
			isa = PBXResourcesBuildPhase;
			buildActionMask = 2147483647;
			files = (
				F78D5FFF289EF14B00981EDC /* LaunchScreen.storyboard in Resources */,
				F78D6007289EF34C00981EDC /* gasolina_alcool.png in Resources */,
				F78D5FFC289EF14B00981EDC /* Assets.xcassets in Resources */,
				F78D5FFA289EF14900981EDC /* Main.storyboard in Resources */,
			);
			runOnlyForDeploymentPostprocessing = 0;
		};
/* End PBXResourcesBuildPhase section */

/* Begin PBXSourcesBuildPhase section */
		F78D5FEB289EF14900981EDC /* Sources */ = {
			isa = PBXSourcesBuildPhase;
			buildActionMask = 2147483647;
			files = (
				F78D5FF7289EF14900981EDC /* ViewController.swift in Sources */,
				F78D5FF3289EF14900981EDC /* AppDelegate.swift in Sources */,
				F78D5FF5289EF14900981EDC /* SceneDelegate.swift in Sources */,
			);
			runOnlyForDeploymentPostprocessing = 0;
		};
/* End PBXSourcesBuildPhase section */

/* Begin PBXVariantGroup section */
		F78D5FF8289EF14900981EDC /* Main.storyboard */ = {
			isa = PBXVariantGroup;
			children = (
				F78D5FF9289EF14900981EDC /* Base */,
			);
			name = Main.storyboard;
			sourceTree = "<group>";
		};
		F78D5FFD289EF14B00981EDC /* LaunchScreen.storyboard */ = {
			isa = PBXVariantGroup;
			children = (
				F78D5FFE289EF14B00981EDC /* Base */,
			);
			name = LaunchScreen.storyboard;
			sourceTree = "<group>";
		};
/* End PBXVariantGroup section */

/* Begin XCBuildConfiguration section */
		F78D6001289EF14B00981EDC /* Debug */ = {
			isa = XCBuildConfiguration;
			buildSettings = {
				ALWAYS_SEARCH_USER_PATHS = NO;
				CLANG_ANALYZER_NONNULL = YES;
				CLANG_ANALYZER_NUMBER_OBJECT_CONVERSION = YES_AGGRESSIVE;
				CLANG_CXX_LANGUAGE_STANDARD = "gnu++17";
				CLANG_ENABLE_MODULES = YES;
				CLANG_ENABLE_OBJC_ARC = YES;
				CLANG_ENABLE_OBJC_WEAK = YES;
				CLANG_WARN_BLOCK_CAPTURE_AUTORELEASING = YES;
				CLANG_WARN_BOOL_CONVERSION = YES;
				CLANG_WARN_COMMA = YES;
				CLANG_WARN_CONSTANT_CONVERSION = YES;
				CLANG_WARN_DEPRECATED_OBJC_IMPLEMENTATIONS = YES;
				CLANG_WARN_DIRECT_OBJC_ISA_USAGE = YES_ERROR;
				CLANG_WARN_DOCUMENTATION_COMMENTS = YES;
				CLANG_WARN_EMPTY_BODY = YES;
				CLANG_WARN_ENUM_CONVERSION = YES;
				CLANG_WARN_INFINITE_RECURSION = YES;
				CLANG_WARN_INT_CONVERSION = YES;
				CLANG_WARN_NON_LITERAL_NULL_CONVERSION = YES;
				CLANG_WARN_OBJC_IMPLICIT_RETAIN_SELF = YES;
				CLANG_WARN_OBJC_LITERAL_CONVERSION = YES;
				CLANG_WARN_OBJC_ROOT_CLASS = YES_ERROR;
				CLANG_WARN_QUOTED_INCLUDE_IN_FRAMEWORK_HEADER = YES;
				CLANG_WARN_RANGE_LOOP_ANALYSIS = YES;
				CLANG_WARN_STRICT_PROTOTYPES = YES;
				CLANG_WARN_SUSPICIOUS_MOVE = YES;
				CLANG_WARN_UNGUARDED_AVAILABILITY = YES_AGGRESSIVE;
				CLANG_WARN_UNREACHABLE_CODE = YES;
				CLANG_WARN__DUPLICATE_METHOD_MATCH = YES;
				COPY_PHASE_STRIP = NO;
				DEBUG_INFORMATION_FORMAT = dwarf;
				ENABLE_STRICT_OBJC_MSGSEND = YES;
				ENABLE_TESTABILITY = YES;
				GCC_C_LANGUAGE_STANDARD = gnu11;
				GCC_DYNAMIC_NO_PIC = NO;
				GCC_NO_COMMON_BLOCKS = YES;
				GCC_OPTIMIZATION_LEVEL = 0;
				GCC_PREPROCESSOR_DEFINITIONS = (
					"DEBUG=1",
					"$(inherited)",
				);
				GCC_WARN_64_TO_32_BIT_CONVERSION = YES;
				GCC_WARN_ABOUT_RETURN_TYPE = YES_ERROR;
				GCC_WARN_UNDECLARED_SELECTOR = YES;
				GCC_WARN_UNINITIALIZED_AUTOS = YES_AGGRESSIVE;
				GCC_WARN_UNUSED_FUNCTION = YES;
				GCC_WARN_UNUSED_VARIABLE = YES;
				IPHONEOS_DEPLOYMENT_TARGET = 15.5;
				MTL_ENABLE_DEBUG_INFO = INCLUDE_SOURCE;
				MTL_FAST_MATH = YES;
				ONLY_ACTIVE_ARCH = YES;
				SDKROOT = iphoneos;
				SWIFT_ACTIVE_COMPILATION_CONDITIONS = DEBUG;
				SWIFT_OPTIMIZATION_LEVEL = "-Onone";
			};
			name = Debug;
		};
		F78D6002289EF14B00981EDC /* Release */ = {
			isa = XCBuildConfiguration;
			buildSettings = {
				ALWAYS_SEARCH_USER_PATHS = NO;
				CLANG_ANALYZER_NONNULL = YES;
				CLANG_ANALYZER_NUMBER_OBJECT_CONVERSION = YES_AGGRESSIVE;
				CLANG_CXX_LANGUAGE_STANDARD = "gnu++17";
				CLANG_ENABLE_MODULES = YES;
				CLANG_ENABLE_OBJC_ARC = YES;
				CLANG_ENABLE_OBJC_WEAK = YES;
				CLANG_WARN_BLOCK_CAPTURE_AUTORELEASING = YES;
				CLANG_WARN_BOOL_CONVERSION = YES;
				CLANG_WARN_COMMA = YES;
				CLANG_WARN_CONSTANT_CONVERSION = YES;
				CLANG_WARN_DEPRECATED_OBJC_IMPLEMENTATIONS = YES;
				CLANG_WARN_DIRECT_OBJC_ISA_USAGE = YES_ERROR;
				CLANG_WARN_DOCUMENTATION_COMMENTS = YES;
				CLANG_WARN_EMPTY_BODY = YES;
				CLANG_WARN_ENUM_CONVERSION = YES;
				CLANG_WARN_INFINITE_RECURSION = YES;
				CLANG_WARN_INT_CONVERSION = YES;
				CLANG_WARN_NON_LITERAL_NULL_CONVERSION = YES;
				CLANG_WARN_OBJC_IMPLICIT_RETAIN_SELF = YES;
				CLANG_WARN_OBJC_LITERAL_CONVERSION = YES;
				CLANG_WARN_OBJC_ROOT_CLASS = YES_ERROR;
				CLANG_WARN_QUOTED_INCLUDE_IN_FRAMEWORK_HEADER = YES;
				CLANG_WARN_RANGE_LOOP_ANALYSIS = YES;
				CLANG_WARN_STRICT_PROTOTYPES = YES;
				CLANG_WARN_SUSPICIOUS_MOVE = YES;
				CLANG_WARN_UNGUARDED_AVAILABILITY = YES_AGGRESSIVE;
				CLANG_WARN_UNREACHABLE_CODE = YES;
				CLANG_WARN__DUPLICATE_METHOD_MATCH = YES;
				COPY_PHASE_STRIP = NO;
				DEBUG_INFORMATION_FORMAT = "dwarf-with-dsym";
				ENABLE_NS_ASSERTIONS = NO;
				ENABLE_STRICT_OBJC_MSGSEND = YES;
				GCC_C_LANGUAGE_STANDARD = gnu11;
				GCC_NO_COMMON_BLOCKS = YES;
				GCC_WARN_64_TO_32_BIT_CONVERSION = YES;
				GCC_WARN_ABOUT_RETURN_TYPE = YES_ERROR;
				GCC_WARN_UNDECLARED_SELECTOR = YES;
				GCC_WARN_UNINITIALIZED_AUTOS = YES_AGGRESSIVE;
				GCC_WARN_UNUSED_FUNCTION = YES;
				GCC_WARN_UNUSED_VARIABLE = YES;
				IPHONEOS_DEPLOYMENT_TARGET = 15.5;
				MTL_ENABLE_DEBUG_INFO = NO;
				MTL_FAST_MATH = YES;
				SDKROOT = iphoneos;
				SWIFT_COMPILATION_MODE = wholemodule;
				SWIFT_OPTIMIZATION_LEVEL = "-O";
				VALIDATE_PRODUCT = YES;
			};
			name = Release;
		};
		F78D6004289EF14B00981EDC /* Debug */ = {
			isa = XCBuildConfiguration;
			buildSettings = {
				ASSETCATALOG_COMPILER_APPICON_NAME = AppIcon;
				ASSETCATALOG_COMPILER_GLOBAL_ACCENT_COLOR_NAME = AccentColor;
				CODE_SIGN_STYLE = Automatic;
				CURRENT_PROJECT_VERSION = 1;
				DEVELOPMENT_TEAM = 2MG8DM79HC;
				GENERATE_INFOPLIST_FILE = YES;
				INFOPLIST_FILE = GasolinaAlcool/Info.plist;
				INFOPLIST_KEY_UIApplicationSupportsIndirectInputEvents = YES;
				INFOPLIST_KEY_UILaunchStoryboardName = LaunchScreen;
				INFOPLIST_KEY_UIMainStoryboardFile = Main;
				INFOPLIST_KEY_UISupportedInterfaceOrientations_iPad = "UIInterfaceOrientationPortrait UIInterfaceOrientationPortraitUpsideDown UIInterfaceOrientationLandscapeLeft UIInterfaceOrientationLandscapeRight";
				INFOPLIST_KEY_UISupportedInterfaceOrientations_iPhone = "UIInterfaceOrientationPortrait UIInterfaceOrientationLandscapeLeft UIInterfaceOrientationLandscapeRight";
				LD_RUNPATH_SEARCH_PATHS = (
					"$(inherited)",
					"@executable_path/Frameworks",
				);
				MARKETING_VERSION = 1.0;
				PRODUCT_BUNDLE_IDENTIFIER = com.jvgc.GasolinaAlcool;
				PRODUCT_NAME = "$(TARGET_NAME)";
				SWIFT_EMIT_LOC_STRINGS = YES;
				SWIFT_VERSION = 5.0;
				TARGETED_DEVICE_FAMILY = "1,2";
			};
			name = Debug;
		};
		F78D6005289EF14B00981EDC /* Release */ = {
			isa = XCBuildConfiguration;
			buildSettings = {
				ASSETCATALOG_COMPILER_APPICON_NAME = AppIcon;
				ASSETCATALOG_COMPILER_GLOBAL_ACCENT_COLOR_NAME = AccentColor;
				CODE_SIGN_STYLE = Automatic;
				CURRENT_PROJECT_VERSION = 1;
				DEVELOPMENT_TEAM = 2MG8DM79HC;
				GENERATE_INFOPLIST_FILE = YES;
				INFOPLIST_FILE = GasolinaAlcool/Info.plist;
				INFOPLIST_KEY_UIApplicationSupportsIndirectInputEvents = YES;
				INFOPLIST_KEY_UILaunchStoryboardName = LaunchScreen;
				INFOPLIST_KEY_UIMainStoryboardFile = Main;
				INFOPLIST_KEY_UISupportedInterfaceOrientations_iPad = "UIInterfaceOrientationPortrait UIInterfaceOrientationPortraitUpsideDown UIInterfaceOrientationLandscapeLeft UIInterfaceOrientationLandscapeRight";
				INFOPLIST_KEY_UISupportedInterfaceOrientations_iPhone = "UIInterfaceOrientationPortrait UIInterfaceOrientationLandscapeLeft UIInterfaceOrientationLandscapeRight";
				LD_RUNPATH_SEARCH_PATHS = (
					"$(inherited)",
					"@executable_path/Frameworks",
				);
				MARKETING_VERSION = 1.0;
				PRODUCT_BUNDLE_IDENTIFIER = com.jvgc.GasolinaAlcool;
				PRODUCT_NAME = "$(TARGET_NAME)";
				SWIFT_EMIT_LOC_STRINGS = YES;
				SWIFT_VERSION = 5.0;
				TARGETED_DEVICE_FAMILY = "1,2";
			};
			name = Release;
		};
/* End XCBuildConfiguration section */

/* Begin XCConfigurationList section */
		F78D5FEA289EF14900981EDC /* Build configuration list for PBXProject "GasolinaAlcool" */ = {
			isa = XCConfigurationList;
			buildConfigurations = (
				F78D6001289EF14B00981EDC /* Debug */,
				F78D6002289EF14B00981EDC /* Release */,
			);
			defaultConfigurationIsVisible = 0;
			defaultConfigurationName = Release;
		};
		F78D6003289EF14B00981EDC /* Build configuration list for PBXNativeTarget "GasolinaAlcool" */ = {
			isa = XCConfigurationList;
			buildConfigurations = (
				F78D6004289EF14B00981EDC /* Debug */,
				F78D6005289EF14B00981EDC /* Release */,
			);
			defaultConfigurationIsVisible = 0;
			defaultConfigurationName = Release;
		};
/* End XCConfigurationList section */
	};
	rootObject = F78D5FE7289EF14900981EDC /* Project object */;
}
